
Microsoft Visual Studio Solution File, Format Version 12.00
# Visual Studio 15
VisualStudioVersion = 15.0.26124.0
MinimumVisualStudioVersion = 15.0.26124.0
Project("{2150E333-8FDC-42A3-9474-1A3956D46DE8}") = "src", "src", "{94AEB2FA-7BA3-484F-B9E2-BB87CC94397D}"
EndProject
Project("{FAE04EC0-301F-11D3-BF4B-00C04F79EFBC}") = "GradeBook", "src\GradeBook\GradeBook.csproj", "{208C7307-332E-4800-AA11-8EB2F64042F9}"
EndProject
Global
	GlobalSection(SolutionConfigurationPlatforms) = preSolution
		Debug|Any CPU = Debug|Any CPU
		Debug|x64 = Debug|x64
		Debug|x86 = Debug|x86
		Release|Any CPU = Release|Any CPU
		Release|x64 = Release|x64
		Release|x86 = Release|x86
	EndGlobalSection
	GlobalSection(SolutionProperties) = preSolution
		HideSolutionNode = FALSE
	EndGlobalSection
	GlobalSection(ProjectConfigurationPlatforms) = postSolution
		{208C7307-332E-4800-AA11-8EB2F64042F9}.Debug|Any CPU.ActiveCfg = Debug|Any CPU
		{208C7307-332E-4800-AA11-8EB2F64042F9}.Debug|Any CPU.Build.0 = Debug|Any CPU
		{208C7307-332E-4800-AA11-8EB2F64042F9}.Debug|x64.ActiveCfg = Debug|Any CPU
		{208C7307-332E-4800-AA11-8EB2F64042F9}.Debug|x64.Build.0 = Debug|Any CPU
		{208C7307-332E-4800-AA11-8EB2F64042F9}.Debug|x86.ActiveCfg = Debug|Any CPU
		{208C7307-332E-4800-AA11-8EB2F64042F9}.Debug|x86.Build.0 = Debug|Any CPU
		{208C7307-332E-4800-AA11-8EB2F64042F9}.Release|Any CPU.ActiveCfg = Release|Any CPU
		{208C7307-332E-4800-AA11-8EB2F64042F9}.Release|Any CPU.Build.0 = Release|Any CPU
		{208C7307-332E-4800-AA11-8EB2F64042F9}.Release|x64.ActiveCfg = Release|Any CPU
		{208C7307-332E-4800-AA11-8EB2F64042F9}.Release|x64.Build.0 = Release|Any CPU
		{208C7307-332E-4800-AA11-8EB2F64042F9}.Release|x86.ActiveCfg = Release|Any CPU
		{208C7307-332E-4800-AA11-8EB2F64042F9}.Release|x86.Build.0 = Release|Any CPU
	EndGlobalSection
	GlobalSection(NestedProjects) = preSolution
		{208C7307-332E-4800-AA11-8EB2F64042F9} = {94AEB2FA-7BA3-484F-B9E2-BB87CC94397D}
	EndGlobalSection
EndGlobal
